// !$*UTF8*$!
{
	archiveVersion = 1;
	classes = {
	};
	objectVersion = 48;
	objects = {

/* Begin PBXBuildFile section */
		2019518F200B2F6200C28217 /* AppDelegate.swift in Sources */ = {isa = PBXBuildFile; fileRef = 2019518E200B2F6200C28217 /* AppDelegate.swift */; };
		20195191200B2F6200C28217 /* ViewController.swift in Sources */ = {isa = PBXBuildFile; fileRef = 20195190200B2F6200C28217 /* ViewController.swift */; };
		20195194200B2F6200C28217 /* Main.storyboard in Resources */ = {isa = PBXBuildFile; fileRef = 20195192200B2F6200C28217 /* Main.storyboard */; };
		20195196200B2F6200C28217 /* Assets.xcassets in Resources */ = {isa = PBXBuildFile; fileRef = 20195195200B2F6200C28217 /* Assets.xcassets */; };
		20195199200B2F6200C28217 /* LaunchScreen.storyboard in Resources */ = {isa = PBXBuildFile; fileRef = 20195197200B2F6200C28217 /* LaunchScreen.storyboard */; };
		201951A4200B2F6200C28217 /* gurunaviTests.swift in Sources */ = {isa = PBXBuildFile; fileRef = 201951A3200B2F6200C28217 /* gurunaviTests.swift */; };
		201951AF200B2F6200C28217 /* gurunaviUITests.swift in Sources */ = {isa = PBXBuildFile; fileRef = 201951AE200B2F6200C28217 /* gurunaviUITests.swift */; };
		201951BF200B991000C28217 /* CustomTableViewCell.swift in Sources */ = {isa = PBXBuildFile; fileRef = 201951BE200B991000C28217 /* CustomTableViewCell.swift */; };
		201951C3200BA42600C28217 /* ResultTableViewController.swift in Sources */ = {isa = PBXBuildFile; fileRef = 201951C2200BA42600C28217 /* ResultTableViewController.swift */; };
		201951C5200BAAF900C28217 /* DetailViewController.swift in Sources */ = {isa = PBXBuildFile; fileRef = 201951C4200BAAF900C28217 /* DetailViewController.swift */; };
		51E944EEC0648AA369899D65 /* Pods_gurunaviTests.framework in Frameworks */ = {isa = PBXBuildFile; fileRef = E36826875346DCA78DB9281A /* Pods_gurunaviTests.framework */; };
		8ECE4E0C070651D300F65147 /* Pods_gurunaviUITests.framework in Frameworks */ = {isa = PBXBuildFile; fileRef = 254019DE3F479767E5BE9925 /* Pods_gurunaviUITests.framework */; };
		B6AA4D28041FEC1290BF422E /* Pods_gurunavi.framework in Frameworks */ = {isa = PBXBuildFile; fileRef = 070A4827DFACF80F3D6A19CD /* Pods_gurunavi.framework */; };
/* End PBXBuildFile section */

/* Begin PBXContainerItemProxy section */
		201951A0200B2F6200C28217 /* PBXContainerItemProxy */ = {
			isa = PBXContainerItemProxy;
			containerPortal = 20195183200B2F6200C28217 /* Project object */;
			proxyType = 1;
			remoteGlobalIDString = 2019518A200B2F6200C28217;
			remoteInfo = gurunavi;
		};
		201951AB200B2F6200C28217 /* PBXContainerItemProxy */ = {
			isa = PBXContainerItemProxy;
			containerPortal = 20195183200B2F6200C28217 /* Project object */;
			proxyType = 1;
			remoteGlobalIDString = 2019518A200B2F6200C28217;
			remoteInfo = gurunavi;
		};
/* End PBXContainerItemProxy section */

/* Begin PBXFileReference section */
		070A4827DFACF80F3D6A19CD /* Pods_gurunavi.framework */ = {isa = PBXFileReference; explicitFileType = wrapper.framework; includeInIndex = 0; path = Pods_gurunavi.framework; sourceTree = BUILT_PRODUCTS_DIR; };
		2019518B200B2F6200C28217 /* gurunavi.app */ = {isa = PBXFileReference; explicitFileType = wrapper.application; includeInIndex = 0; path = gurunavi.app; sourceTree = BUILT_PRODUCTS_DIR; };
		2019518E200B2F6200C28217 /* AppDelegate.swift */ = {isa = PBXFileReference; lastKnownFileType = sourcecode.swift; path = AppDelegate.swift; sourceTree = "<group>"; };
		20195190200B2F6200C28217 /* ViewController.swift */ = {isa = PBXFileReference; lastKnownFileType = sourcecode.swift; path = ViewController.swift; sourceTree = "<group>"; };
		20195193200B2F6200C28217 /* Base */ = {isa = PBXFileReference; lastKnownFileType = file.storyboard; name = Base; path = Base.lproj/Main.storyboard; sourceTree = "<group>"; };
		20195195200B2F6200C28217 /* Assets.xcassets */ = {isa = PBXFileReference; lastKnownFileType = folder.assetcatalog; path = Assets.xcassets; sourceTree = "<group>"; };
		20195198200B2F6200C28217 /* Base */ = {isa = PBXFileReference; lastKnownFileType = file.storyboard; name = Base; path = Base.lproj/LaunchScreen.storyboard; sourceTree = "<group>"; };
		2019519A200B2F6200C28217 /* Info.plist */ = {isa = PBXFileReference; lastKnownFileType = text.plist.xml; path = Info.plist; sourceTree = "<group>"; };
		2019519F200B2F6200C28217 /* gurunaviTests.xctest */ = {isa = PBXFileReference; explicitFileType = wrapper.cfbundle; includeInIndex = 0; path = gurunaviTests.xctest; sourceTree = BUILT_PRODUCTS_DIR; };
		201951A3200B2F6200C28217 /* gurunaviTests.swift */ = {isa = PBXFileReference; lastKnownFileType = sourcecode.swift; path = gurunaviTests.swift; sourceTree = "<group>"; };
		201951A5200B2F6200C28217 /* Info.plist */ = {isa = PBXFileReference; lastKnownFileType = text.plist.xml; path = Info.plist; sourceTree = "<group>"; };
		201951AA200B2F6200C28217 /* gurunaviUITests.xctest */ = {isa = PBXFileReference; explicitFileType = wrapper.cfbundle; includeInIndex = 0; path = gurunaviUITests.xctest; sourceTree = BUILT_PRODUCTS_DIR; };
		201951AE200B2F6200C28217 /* gurunaviUITests.swift */ = {isa = PBXFileReference; lastKnownFileType = sourcecode.swift; path = gurunaviUITests.swift; sourceTree = "<group>"; };
		201951B0200B2F6200C28217 /* Info.plist */ = {isa = PBXFileReference; lastKnownFileType = text.plist.xml; path = Info.plist; sourceTree = "<group>"; };
		201951BE200B991000C28217 /* CustomTableViewCell.swift */ = {isa = PBXFileReference; lastKnownFileType = sourcecode.swift; path = CustomTableViewCell.swift; sourceTree = "<group>"; };
		201951C2200BA42600C28217 /* ResultTableViewController.swift */ = {isa = PBXFileReference; lastKnownFileType = sourcecode.swift; name = ResultTableViewController.swift; path = "/Users/ryou/Documents/Xcode/Xcode Projects/動作確認用/gurunavi/gurunavi/ResultTableViewController.swift"; sourceTree = "<absolute>"; };
		201951C4200BAAF900C28217 /* DetailViewController.swift */ = {isa = PBXFileReference; lastKnownFileType = sourcecode.swift; path = DetailViewController.swift; sourceTree = "<group>"; };
		254019DE3F479767E5BE9925 /* Pods_gurunaviUITests.framework */ = {isa = PBXFileReference; explicitFileType = wrapper.framework; includeInIndex = 0; path = Pods_gurunaviUITests.framework; sourceTree = BUILT_PRODUCTS_DIR; };
		72FBE2F6B7C61653AE728DBE /* Pods-gurunavi.release.xcconfig */ = {isa = PBXFileReference; includeInIndex = 1; lastKnownFileType = text.xcconfig; name = "Pods-gurunavi.release.xcconfig"; path = "Pods/Target Support Files/Pods-gurunavi/Pods-gurunavi.release.xcconfig"; sourceTree = "<group>"; };
		83EE9863ECE5764B91657786 /* Pods-gurunaviUITests.debug.xcconfig */ = {isa = PBXFileReference; includeInIndex = 1; lastKnownFileType = text.xcconfig; name = "Pods-gurunaviUITests.debug.xcconfig"; path = "Pods/Target Support Files/Pods-gurunaviUITests/Pods-gurunaviUITests.debug.xcconfig"; sourceTree = "<group>"; };
		868253B67B6E32AA3C7F0AF8 /* Pods-gurunavi.debug.xcconfig */ = {isa = PBXFileReference; includeInIndex = 1; lastKnownFileType = text.xcconfig; name = "Pods-gurunavi.debug.xcconfig"; path = "Pods/Target Support Files/Pods-gurunavi/Pods-gurunavi.debug.xcconfig"; sourceTree = "<group>"; };
		CB7FC5E2AAC3A3845DD518E6 /* Pods-gurunaviTests.release.xcconfig */ = {isa = PBXFileReference; includeInIndex = 1; lastKnownFileType = text.xcconfig; name = "Pods-gurunaviTests.release.xcconfig"; path = "Pods/Target Support Files/Pods-gurunaviTests/Pods-gurunaviTests.release.xcconfig"; sourceTree = "<group>"; };
		E36826875346DCA78DB9281A /* Pods_gurunaviTests.framework */ = {isa = PBXFileReference; explicitFileType = wrapper.framework; includeInIndex = 0; path = Pods_gurunaviTests.framework; sourceTree = BUILT_PRODUCTS_DIR; };
		E79473DE67C46513DE73816F /* Pods-gurunaviTests.debug.xcconfig */ = {isa = PBXFileReference; includeInIndex = 1; lastKnownFileType = text.xcconfig; name = "Pods-gurunaviTests.debug.xcconfig"; path = "Pods/Target Support Files/Pods-gurunaviTests/Pods-gurunaviTests.debug.xcconfig"; sourceTree = "<group>"; };
		EB858165600068FF540FF7E3 /* Pods-gurunaviUITests.release.xcconfig */ = {isa = PBXFileReference; includeInIndex = 1; lastKnownFileType = text.xcconfig; name = "Pods-gurunaviUITests.release.xcconfig"; path = "Pods/Target Support Files/Pods-gurunaviUITests/Pods-gurunaviUITests.release.xcconfig"; sourceTree = "<group>"; };
/* End PBXFileReference section */

/* Begin PBXFrameworksBuildPhase section */
		20195188200B2F6200C28217 /* Frameworks */ = {
			isa = PBXFrameworksBuildPhase;
			buildActionMask = 2147483647;
			files = (
				B6AA4D28041FEC1290BF422E /* Pods_gurunavi.framework in Frameworks */,
			);
			runOnlyForDeploymentPostprocessing = 0;
		};
		2019519C200B2F6200C28217 /* Frameworks */ = {
			isa = PBXFrameworksBuildPhase;
			buildActionMask = 2147483647;
			files = (
				51E944EEC0648AA369899D65 /* Pods_gurunaviTests.framework in Frameworks */,
			);
			runOnlyForDeploymentPostprocessing = 0;
		};
		201951A7200B2F6200C28217 /* Frameworks */ = {
			isa = PBXFrameworksBuildPhase;
			buildActionMask = 2147483647;
			files = (
				8ECE4E0C070651D300F65147 /* Pods_gurunaviUITests.framework in Frameworks */,
			);
			runOnlyForDeploymentPostprocessing = 0;
		};
/* End PBXFrameworksBuildPhase section */

/* Begin PBXGroup section */
		20195182200B2F6200C28217 = {
			isa = PBXGroup;
			children = (
				2019518D200B2F6200C28217 /* gurunavi */,
				201951A2200B2F6200C28217 /* gurunaviTests */,
				201951AD200B2F6200C28217 /* gurunaviUITests */,
				2019518C200B2F6200C28217 /* Products */,
				900CDE9A4C385C7DC667B9C2 /* Pods */,
				C2268687780C48D38C2E120F /* Frameworks */,
			);
			sourceTree = "<group>";
		};
		2019518C200B2F6200C28217 /* Products */ = {
			isa = PBXGroup;
			children = (
				2019518B200B2F6200C28217 /* gurunavi.app */,
				2019519F200B2F6200C28217 /* gurunaviTests.xctest */,
				201951AA200B2F6200C28217 /* gurunaviUITests.xctest */,
			);
			name = Products;
			sourceTree = "<group>";
		};
		2019518D200B2F6200C28217 /* gurunavi */ = {
			isa = PBXGroup;
			children = (
				2019518E200B2F6200C28217 /* AppDelegate.swift */,
				20195190200B2F6200C28217 /* ViewController.swift */,
				20195192200B2F6200C28217 /* Main.storyboard */,
				201951C4200BAAF900C28217 /* DetailViewController.swift */,
				201951C2200BA42600C28217 /* ResultTableViewController.swift */,
				201951BE200B991000C28217 /* CustomTableViewCell.swift */,
				20195195200B2F6200C28217 /* Assets.xcassets */,
				20195197200B2F6200C28217 /* LaunchScreen.storyboard */,
				2019519A200B2F6200C28217 /* Info.plist */,
			);
			path = gurunavi;
			sourceTree = "<group>";
		};
		201951A2200B2F6200C28217 /* gurunaviTests */ = {
			isa = PBXGroup;
			children = (
				201951A3200B2F6200C28217 /* gurunaviTests.swift */,
				201951A5200B2F6200C28217 /* Info.plist */,
			);
			path = gurunaviTests;
			sourceTree = "<group>";
		};
		201951AD200B2F6200C28217 /* gurunaviUITests */ = {
			isa = PBXGroup;
			children = (
				201951AE200B2F6200C28217 /* gurunaviUITests.swift */,
				201951B0200B2F6200C28217 /* Info.plist */,
			);
			path = gurunaviUITests;
			sourceTree = "<group>";
		};
		900CDE9A4C385C7DC667B9C2 /* Pods */ = {
			isa = PBXGroup;
			children = (
				868253B67B6E32AA3C7F0AF8 /* Pods-gurunavi.debug.xcconfig */,
				72FBE2F6B7C61653AE728DBE /* Pods-gurunavi.release.xcconfig */,
				E79473DE67C46513DE73816F /* Pods-gurunaviTests.debug.xcconfig */,
				CB7FC5E2AAC3A3845DD518E6 /* Pods-gurunaviTests.release.xcconfig */,
				83EE9863ECE5764B91657786 /* Pods-gurunaviUITests.debug.xcconfig */,
				EB858165600068FF540FF7E3 /* Pods-gurunaviUITests.release.xcconfig */,
			);
			name = Pods;
			sourceTree = "<group>";
		};
		C2268687780C48D38C2E120F /* Frameworks */ = {
			isa = PBXGroup;
			children = (
				070A4827DFACF80F3D6A19CD /* Pods_gurunavi.framework */,
				E36826875346DCA78DB9281A /* Pods_gurunaviTests.framework */,
				254019DE3F479767E5BE9925 /* Pods_gurunaviUITests.framework */,
			);
			name = Frameworks;
			sourceTree = "<group>";
		};
/* End PBXGroup section */

/* Begin PBXNativeTarget section */
		2019518A200B2F6200C28217 /* gurunavi */ = {
			isa = PBXNativeTarget;
			buildConfigurationList = 201951B3200B2F6200C28217 /* Build configuration list for PBXNativeTarget "gurunavi" */;
			buildPhases = (
				9D649D06D45FA2A9E177C26E /* [CP] Check Pods Manifest.lock */,
				20195187200B2F6200C28217 /* Sources */,
				20195188200B2F6200C28217 /* Frameworks */,
				20195189200B2F6200C28217 /* Resources */,
				514321D799DC2698F99DD680 /* [CP] Embed Pods Frameworks */,
				A8FDF2D466856D7722F7AC41 /* [CP] Copy Pods Resources */,
			);
			buildRules = (
			);
			dependencies = (
			);
			name = gurunavi;
			productName = gurunavi;
			productReference = 2019518B200B2F6200C28217 /* gurunavi.app */;
			productType = "com.apple.product-type.application";
		};
		2019519E200B2F6200C28217 /* gurunaviTests */ = {
			isa = PBXNativeTarget;
			buildConfigurationList = 201951B6200B2F6200C28217 /* Build configuration list for PBXNativeTarget "gurunaviTests" */;
			buildPhases = (
				07552B0A5179A9061B26819E /* [CP] Check Pods Manifest.lock */,
				2019519B200B2F6200C28217 /* Sources */,
				2019519C200B2F6200C28217 /* Frameworks */,
				2019519D200B2F6200C28217 /* Resources */,
				8AA5DAC5A1B2136C469CB262 /* [CP] Embed Pods Frameworks */,
				B4497F7FF4B6FD76C3258986 /* [CP] Copy Pods Resources */,
			);
			buildRules = (
			);
			dependencies = (
				201951A1200B2F6200C28217 /* PBXTargetDependency */,
			);
			name = gurunaviTests;
			productName = gurunaviTests;
			productReference = 2019519F200B2F6200C28217 /* gurunaviTests.xctest */;
			productType = "com.apple.product-type.bundle.unit-test";
		};
		201951A9200B2F6200C28217 /* gurunaviUITests */ = {
			isa = PBXNativeTarget;
			buildConfigurationList = 201951B9200B2F6200C28217 /* Build configuration list for PBXNativeTarget "gurunaviUITests" */;
			buildPhases = (
				91F1F1CA6D1D073589692C8F /* [CP] Check Pods Manifest.lock */,
				201951A6200B2F6200C28217 /* Sources */,
				201951A7200B2F6200C28217 /* Frameworks */,
				201951A8200B2F6200C28217 /* Resources */,
				4A3D20E33443525BF2BF3433 /* [CP] Embed Pods Frameworks */,
				4A0765F5FD1C901BD8CEB707 /* [CP] Copy Pods Resources */,
			);
			buildRules = (
			);
			dependencies = (
				201951AC200B2F6200C28217 /* PBXTargetDependency */,
			);
			name = gurunaviUITests;
			productName = gurunaviUITests;
			productReference = 201951AA200B2F6200C28217 /* gurunaviUITests.xctest */;
			productType = "com.apple.product-type.bundle.ui-testing";
		};
/* End PBXNativeTarget section */

/* Begin PBXProject section */
		20195183200B2F6200C28217 /* Project object */ = {
			isa = PBXProject;
			attributes = {
				LastSwiftUpdateCheck = 0920;
				LastUpgradeCheck = 0920;
				ORGANIZATIONNAME = "Ryo Sobue";
				TargetAttributes = {
					2019518A200B2F6200C28217 = {
						CreatedOnToolsVersion = 9.2;
						ProvisioningStyle = Automatic;
					};
					2019519E200B2F6200C28217 = {
						CreatedOnToolsVersion = 9.2;
						ProvisioningStyle = Automatic;
						TestTargetID = 2019518A200B2F6200C28217;
					};
					201951A9200B2F6200C28217 = {
						CreatedOnToolsVersion = 9.2;
						ProvisioningStyle = Automatic;
						TestTargetID = 2019518A200B2F6200C28217;
					};
				};
			};
			buildConfigurationList = 20195186200B2F6200C28217 /* Build configuration list for PBXProject "gurunavi" */;
			compatibilityVersion = "Xcode 8.0";
			developmentRegion = en;
			hasScannedForEncodings = 0;
			knownRegions = (
				en,
				Base,
			);
			mainGroup = 20195182200B2F6200C28217;
			productRefGroup = 2019518C200B2F6200C28217 /* Products */;
			projectDirPath = "";
			projectRoot = "";
			targets = (
				2019518A200B2F6200C28217 /* gurunavi */,
				2019519E200B2F6200C28217 /* gurunaviTests */,
				201951A9200B2F6200C28217 /* gurunaviUITests */,
			);
		};
/* End PBXProject section */

/* Begin PBXResourcesBuildPhase section */
		20195189200B2F6200C28217 /* Resources */ = {
			isa = PBXResourcesBuildPhase;
			buildActionMask = 2147483647;
			files = (
				20195199200B2F6200C28217 /* LaunchScreen.storyboard in Resources */,
				20195196200B2F6200C28217 /* Assets.xcassets in Resources */,
				20195194200B2F6200C28217 /* Main.storyboard in Resources */,
			);
			runOnlyForDeploymentPostprocessing = 0;
		};
		2019519D200B2F6200C28217 /* Resources */ = {
			isa = PBXResourcesBuildPhase;
			buildActionMask = 2147483647;
			files = (
			);
			runOnlyForDeploymentPostprocessing = 0;
		};
		201951A8200B2F6200C28217 /* Resources */ = {
			isa = PBXResourcesBuildPhase;
			buildActionMask = 2147483647;
			files = (
			);
			runOnlyForDeploymentPostprocessing = 0;
		};
/* End PBXResourcesBuildPhase section */

/* Begin PBXShellScriptBuildPhase section */
		07552B0A5179A9061B26819E /* [CP] Check Pods Manifest.lock */ = {
			isa = PBXShellScriptBuildPhase;
			buildActionMask = 2147483647;
			files = (
			);
			inputPaths = (
			);
			name = "[CP] Check Pods Manifest.lock";
			outputPaths = (
			);
			runOnlyForDeploymentPostprocessing = 0;
			shellPath = /bin/sh;
			shellScript = "diff \"${PODS_ROOT}/../Podfile.lock\" \"${PODS_ROOT}/Manifest.lock\" > /dev/null\nif [ $? != 0 ] ; then\n    # print error to STDERR\n    echo \"error: The sandbox is not in sync with the Podfile.lock. Run 'pod install' or update your CocoaPods installation.\" >&2\n    exit 1\nfi\n";
			showEnvVarsInLog = 0;
		};
		4A0765F5FD1C901BD8CEB707 /* [CP] Copy Pods Resources */ = {
			isa = PBXShellScriptBuildPhase;
			buildActionMask = 2147483647;
			files = (
			);
			inputPaths = (
			);
			name = "[CP] Copy Pods Resources";
			outputPaths = (
			);
			runOnlyForDeploymentPostprocessing = 0;
			shellPath = /bin/sh;
			shellScript = "\"${SRCROOT}/Pods/Target Support Files/Pods-gurunaviUITests/Pods-gurunaviUITests-resources.sh\"\n";
			showEnvVarsInLog = 0;
		};
		4A3D20E33443525BF2BF3433 /* [CP] Embed Pods Frameworks */ = {
			isa = PBXShellScriptBuildPhase;
			buildActionMask = 2147483647;
			files = (
			);
			inputPaths = (
			);
			name = "[CP] Embed Pods Frameworks";
			outputPaths = (
			);
			runOnlyForDeploymentPostprocessing = 0;
			shellPath = /bin/sh;
			shellScript = "\"${SRCROOT}/Pods/Target Support Files/Pods-gurunaviUITests/Pods-gurunaviUITests-frameworks.sh\"\n";
			showEnvVarsInLog = 0;
		};
		514321D799DC2698F99DD680 /* [CP] Embed Pods Frameworks */ = {
			isa = PBXShellScriptBuildPhase;
			buildActionMask = 2147483647;
			files = (
			);
			inputPaths = (
			);
			name = "[CP] Embed Pods Frameworks";
			outputPaths = (
			);
			runOnlyForDeploymentPostprocessing = 0;
			shellPath = /bin/sh;
			shellScript = "\"${SRCROOT}/Pods/Target Support Files/Pods-gurunavi/Pods-gurunavi-frameworks.sh\"\n";
			showEnvVarsInLog = 0;
		};
		8AA5DAC5A1B2136C469CB262 /* [CP] Embed Pods Frameworks */ = {
			isa = PBXShellScriptBuildPhase;
			buildActionMask = 2147483647;
			files = (
			);
			inputPaths = (
			);
			name = "[CP] Embed Pods Frameworks";
			outputPaths = (
			);
			runOnlyForDeploymentPostprocessing = 0;
			shellPath = /bin/sh;
			shellScript = "\"${SRCROOT}/Pods/Target Support Files/Pods-gurunaviTests/Pods-gurunaviTests-frameworks.sh\"\n";
			showEnvVarsInLog = 0;
		};
		91F1F1CA6D1D073589692C8F /* [CP] Check Pods Manifest.lock */ = {
			isa = PBXShellScriptBuildPhase;
			buildActionMask = 2147483647;
			files = (
			);
			inputPaths = (
			);
			name = "[CP] Check Pods Manifest.lock";
			outputPaths = (
			);
			runOnlyForDeploymentPostprocessing = 0;
			shellPath = /bin/sh;
			shellScript = "diff \"${PODS_ROOT}/../Podfile.lock\" \"${PODS_ROOT}/Manifest.lock\" > /dev/null\nif [ $? != 0 ] ; then\n    # print error to STDERR\n    echo \"error: The sandbox is not in sync with the Podfile.lock. Run 'pod install' or update your CocoaPods installation.\" >&2\n    exit 1\nfi\n";
			showEnvVarsInLog = 0;
		};
		9D649D06D45FA2A9E177C26E /* [CP] Check Pods Manifest.lock */ = {
			isa = PBXShellScriptBuildPhase;
			buildActionMask = 2147483647;
			files = (
			);
			inputPaths = (
			);
			name = "[CP] Check Pods Manifest.lock";
			outputPaths = (
			);
			runOnlyForDeploymentPostprocessing = 0;
			shellPath = /bin/sh;
			shellScript = "diff \"${PODS_ROOT}/../Podfile.lock\" \"${PODS_ROOT}/Manifest.lock\" > /dev/null\nif [ $? != 0 ] ; then\n    # print error to STDERR\n    echo \"error: The sandbox is not in sync with the Podfile.lock. Run 'pod install' or update your CocoaPods installation.\" >&2\n    exit 1\nfi\n";
			showEnvVarsInLog = 0;
		};
		A8FDF2D466856D7722F7AC41 /* [CP] Copy Pods Resources */ = {
			isa = PBXShellScriptBuildPhase;
			buildActionMask = 2147483647;
			files = (
			);
			inputPaths = (
			);
			name = "[CP] Copy Pods Resources";
			outputPaths = (
			);
			runOnlyForDeploymentPostprocessing = 0;
			shellPath = /bin/sh;
			shellScript = "\"${SRCROOT}/Pods/Target Support Files/Pods-gurunavi/Pods-gurunavi-resources.sh\"\n";
			showEnvVarsInLog = 0;
		};
		B4497F7FF4B6FD76C3258986 /* [CP] Copy Pods Resources */ = {
			isa = PBXShellScriptBuildPhase;
			buildActionMask = 2147483647;
			files = (
			);
			inputPaths = (
			);
			name = "[CP] Copy Pods Resources";
			outputPaths = (
			);
			runOnlyForDeploymentPostprocessing = 0;
			shellPath = /bin/sh;
			shellScript = "\"${SRCROOT}/Pods/Target Support Files/Pods-gurunaviTests/Pods-gurunaviTests-resources.sh\"\n";
			showEnvVarsInLog = 0;
		};
/* End PBXShellScriptBuildPhase section */

/* Begin PBXSourcesBuildPhase section */
		20195187200B2F6200C28217 /* Sources */ = {
			isa = PBXSourcesBuildPhase;
			buildActionMask = 2147483647;
			files = (
				201951C3200BA42600C28217 /* ResultTableViewController.swift in Sources */,
				20195191200B2F6200C28217 /* ViewController.swift in Sources */,
				201951C5200BAAF900C28217 /* DetailViewController.swift in Sources */,
				2019518F200B2F6200C28217 /* AppDelegate.swift in Sources */,
				201951BF200B991000C28217 /* CustomTableViewCell.swift in Sources */,
			);
			runOnlyForDeploymentPostprocessing = 0;
		};
		2019519B200B2F6200C28217 /* Sources */ = {
			isa = PBXSourcesBuildPhase;
			buildActionMask = 2147483647;
			files = (
				201951A4200B2F6200C28217 /* gurunaviTests.swift in Sources */,
			);
			runOnlyForDeploymentPostprocessing = 0;
		};
		201951A6200B2F6200C28217 /* Sources */ = {
			isa = PBXSourcesBuildPhase;
			buildActionMask = 2147483647;
			files = (
				201951AF200B2F6200C28217 /* gurunaviUITests.swift in Sources */,
			);
			runOnlyForDeploymentPostprocessing = 0;
		};
/* End PBXSourcesBuildPhase section */

/* Begin PBXTargetDependency section */
		201951A1200B2F6200C28217 /* PBXTargetDependency */ = {
			isa = PBXTargetDependency;
			target = 2019518A200B2F6200C28217 /* gurunavi */;
			targetProxy = 201951A0200B2F6200C28217 /* PBXContainerItemProxy */;
		};
		201951AC200B2F6200C28217 /* PBXTargetDependency */ = {
			isa = PBXTargetDependency;
			target = 2019518A200B2F6200C28217 /* gurunavi */;
			targetProxy = 201951AB200B2F6200C28217 /* PBXContainerItemProxy */;
		};
/* End PBXTargetDependency section */

/* Begin PBXVariantGroup section */
		20195192200B2F6200C28217 /* Main.storyboard */ = {
			isa = PBXVariantGroup;
			children = (
				20195193200B2F6200C28217 /* Base */,
			);
			name = Main.storyboard;
			sourceTree = "<group>";
		};
		20195197200B2F6200C28217 /* LaunchScreen.storyboard */ = {
			isa = PBXVariantGroup;
			children = (
				20195198200B2F6200C28217 /* Base */,
			);
			name = LaunchScreen.storyboard;
			sourceTree = "<group>";
		};
/* End PBXVariantGroup section */

/* Begin XCBuildConfiguration section */
		201951B1200B2F6200C28217 /* Debug */ = {
			isa = XCBuildConfiguration;
			buildSettings = {
				ALWAYS_SEARCH_USER_PATHS = NO;
				CLANG_ANALYZER_NONNULL = YES;
				CLANG_ANALYZER_NUMBER_OBJECT_CONVERSION = YES_AGGRESSIVE;
				CLANG_CXX_LANGUAGE_STANDARD = "gnu++14";
				CLANG_CXX_LIBRARY = "libc++";
				CLANG_ENABLE_MODULES = YES;
				CLANG_ENABLE_OBJC_ARC = YES;
				CLANG_WARN_BLOCK_CAPTURE_AUTORELEASING = YES;
				CLANG_WARN_BOOL_CONVERSION = YES;
				CLANG_WARN_COMMA = YES;
				CLANG_WARN_CONSTANT_CONVERSION = YES;
				CLANG_WARN_DIRECT_OBJC_ISA_USAGE = YES_ERROR;
				CLANG_WARN_DOCUMENTATION_COMMENTS = YES;
				CLANG_WARN_EMPTY_BODY = YES;
				CLANG_WARN_ENUM_CONVERSION = YES;
				CLANG_WARN_INFINITE_RECURSION = YES;
				CLANG_WARN_INT_CONVERSION = YES;
				CLANG_WARN_NON_LITERAL_NULL_CONVERSION = YES;
				CLANG_WARN_OBJC_LITERAL_CONVERSION = YES;
				CLANG_WARN_OBJC_ROOT_CLASS = YES_ERROR;
				CLANG_WARN_RANGE_LOOP_ANALYSIS = YES;
				CLANG_WARN_STRICT_PROTOTYPES = YES;
				CLANG_WARN_SUSPICIOUS_MOVE = YES;
				CLANG_WARN_UNGUARDED_AVAILABILITY = YES_AGGRESSIVE;
				CLANG_WARN_UNREACHABLE_CODE = YES;
				CLANG_WARN__DUPLICATE_METHOD_MATCH = YES;
				CODE_SIGN_IDENTITY = "iPhone Developer";
				COPY_PHASE_STRIP = NO;
				DEBUG_INFORMATION_FORMAT = dwarf;
				ENABLE_STRICT_OBJC_MSGSEND = YES;
				ENABLE_TESTABILITY = YES;
				GCC_C_LANGUAGE_STANDARD = gnu11;
				GCC_DYNAMIC_NO_PIC = NO;
				GCC_NO_COMMON_BLOCKS = YES;
				GCC_OPTIMIZATION_LEVEL = 0;
				GCC_PREPROCESSOR_DEFINITIONS = (
					"DEBUG=1",
					"$(inherited)",
				);
				GCC_WARN_64_TO_32_BIT_CONVERSION = YES;
				GCC_WARN_ABOUT_RETURN_TYPE = YES_ERROR;
				GCC_WARN_UNDECLARED_SELECTOR = YES;
				GCC_WARN_UNINITIALIZED_AUTOS = YES_AGGRESSIVE;
				GCC_WARN_UNUSED_FUNCTION = YES;
				GCC_WARN_UNUSED_VARIABLE = YES;
				IPHONEOS_DEPLOYMENT_TARGET = 11.2;
				MTL_ENABLE_DEBUG_INFO = YES;
				ONLY_ACTIVE_ARCH = YES;
				SDKROOT = iphoneos;
				SWIFT_ACTIVE_COMPILATION_CONDITIONS = DEBUG;
				SWIFT_OPTIMIZATION_LEVEL = "-Onone";
			};
			name = Debug;
		};
		201951B2200B2F6200C28217 /* Release */ = {
			isa = XCBuildConfiguration;
			buildSettings = {
				ALWAYS_SEARCH_USER_PATHS = NO;
				CLANG_ANALYZER_NONNULL = YES;
				CLANG_ANALYZER_NUMBER_OBJECT_CONVERSION = YES_AGGRESSIVE;
				CLANG_CXX_LANGUAGE_STANDARD = "gnu++14";
				CLANG_CXX_LIBRARY = "libc++";
				CLANG_ENABLE_MODULES = YES;
				CLANG_ENABLE_OBJC_ARC = YES;
				CLANG_WARN_BLOCK_CAPTURE_AUTORELEASING = YES;
				CLANG_WARN_BOOL_CONVERSION = YES;
				CLANG_WARN_COMMA = YES;
				CLANG_WARN_CONSTANT_CONVERSION = YES;
				CLANG_WARN_DIRECT_OBJC_ISA_USAGE = YES_ERROR;
				CLANG_WARN_DOCUMENTATION_COMMENTS = YES;
				CLANG_WARN_EMPTY_BODY = YES;
				CLANG_WARN_ENUM_CONVERSION = YES;
				CLANG_WARN_INFINITE_RECURSION = YES;
				CLANG_WARN_INT_CONVERSION = YES;
				CLANG_WARN_NON_LITERAL_NULL_CONVERSION = YES;
				CLANG_WARN_OBJC_LITERAL_CONVERSION = YES;
				CLANG_WARN_OBJC_ROOT_CLASS = YES_ERROR;
				CLANG_WARN_RANGE_LOOP_ANALYSIS = YES;
				CLANG_WARN_STRICT_PROTOTYPES = YES;
				CLANG_WARN_SUSPICIOUS_MOVE = YES;
				CLANG_WARN_UNGUARDED_AVAILABILITY = YES_AGGRESSIVE;
				CLANG_WARN_UNREACHABLE_CODE = YES;
				CLANG_WARN__DUPLICATE_METHOD_MATCH = YES;
				CODE_SIGN_IDENTITY = "iPhone Developer";
				COPY_PHASE_STRIP = NO;
				DEBUG_INFORMATION_FORMAT = "dwarf-with-dsym";
				ENABLE_NS_ASSERTIONS = NO;
				ENABLE_STRICT_OBJC_MSGSEND = YES;
				GCC_C_LANGUAGE_STANDARD = gnu11;
				GCC_NO_COMMON_BLOCKS = YES;
				GCC_WARN_64_TO_32_BIT_CONVERSION = YES;
				GCC_WARN_ABOUT_RETURN_TYPE = YES_ERROR;
				GCC_WARN_UNDECLARED_SELECTOR = YES;
				GCC_WARN_UNINITIALIZED_AUTOS = YES_AGGRESSIVE;
				GCC_WARN_UNUSED_FUNCTION = YES;
				GCC_WARN_UNUSED_VARIABLE = YES;
				IPHONEOS_DEPLOYMENT_TARGET = 11.2;
				MTL_ENABLE_DEBUG_INFO = NO;
				SDKROOT = iphoneos;
				SWIFT_OPTIMIZATION_LEVEL = "-Owholemodule";
				VALIDATE_PRODUCT = YES;
			};
			name = Release;
		};
		201951B4200B2F6200C28217 /* Debug */ = {
			isa = XCBuildConfiguration;
			baseConfigurationReference = 868253B67B6E32AA3C7F0AF8 /* Pods-gurunavi.debug.xcconfig */;
			buildSettings = {
				ASSETCATALOG_COMPILER_APPICON_NAME = AppIcon;
				CODE_SIGN_STYLE = Automatic;
				DEVELOPMENT_TEAM = WQ6E4DAU7T;
				INFOPLIST_FILE = gurunavi/Info.plist;
				LD_RUNPATH_SEARCH_PATHS = "$(inherited) @executable_path/Frameworks";
				PRODUCT_BUNDLE_IDENTIFIER = com.ryosism.gurunavi;
				PRODUCT_NAME = "$(TARGET_NAME)";
				SWIFT_VERSION = 4.0;
				TARGETED_DEVICE_FAMILY = "1,2";
			};
			name = Debug;
		};
		201951B5200B2F6200C28217 /* Release */ = {
			isa = XCBuildConfiguration;
			baseConfigurationReference = 72FBE2F6B7C61653AE728DBE /* Pods-gurunavi.release.xcconfig */;
			buildSettings = {
				ASSETCATALOG_COMPILER_APPICON_NAME = AppIcon;
				CODE_SIGN_STYLE = Automatic;
				DEVELOPMENT_TEAM = WQ6E4DAU7T;
				INFOPLIST_FILE = gurunavi/Info.plist;
				LD_RUNPATH_SEARCH_PATHS = "$(inherited) @executable_path/Frameworks";
				PRODUCT_BUNDLE_IDENTIFIER = com.ryosism.gurunavi;
				PRODUCT_NAME = "$(TARGET_NAME)";
				SWIFT_VERSION = 4.0;
				TARGETED_DEVICE_FAMILY = "1,2";
			};
			name = Release;
		};
		201951B7200B2F6200C28217 /* Debug */ = {
			isa = XCBuildConfiguration;
			baseConfigurationReference = E79473DE67C46513DE73816F /* Pods-gurunaviTests.debug.xcconfig */;
			buildSettings = {
				ALWAYS_EMBED_SWIFT_STANDARD_LIBRARIES = YES;
				BUNDLE_LOADER = "$(TEST_HOST)";
				CODE_SIGN_STYLE = Automatic;
				DEVELOPMENT_TEAM = WQ6E4DAU7T;
				INFOPLIST_FILE = gurunaviTests/Info.plist;
				LD_RUNPATH_SEARCH_PATHS = "$(inherited) @executable_path/Frameworks @loader_path/Frameworks";
				PRODUCT_BUNDLE_IDENTIFIER = com.ryosism.gurunaviTests;
				PRODUCT_NAME = "$(TARGET_NAME)";
				SWIFT_VERSION = 4.0;
				TARGETED_DEVICE_FAMILY = "1,2";
				TEST_HOST = "$(BUILT_PRODUCTS_DIR)/gurunavi.app/gurunavi";
			};
			name = Debug;
		};
		201951B8200B2F6200C28217 /* Release */ = {
			isa = XCBuildConfiguration;
			baseConfigurationReference = CB7FC5E2AAC3A3845DD518E6 /* Pods-gurunaviTests.release.xcconfig */;
			buildSettings = {
				ALWAYS_EMBED_SWIFT_STANDARD_LIBRARIES = YES;
				BUNDLE_LOADER = "$(TEST_HOST)";
				CODE_SIGN_STYLE = Automatic;
				DEVELOPMENT_TEAM = WQ6E4DAU7T;
				INFOPLIST_FILE = gurunaviTests/Info.plist;
				LD_RUNPATH_SEARCH_PATHS = "$(inherited) @executable_path/Frameworks @loader_path/Frameworks";
				PRODUCT_BUNDLE_IDENTIFIER = com.ryosism.gurunaviTests;
				PRODUCT_NAME = "$(TARGET_NAME)";
				SWIFT_VERSION = 4.0;
				TARGETED_DEVICE_FAMILY = "1,2";
				TEST_HOST = "$(BUILT_PRODUCTS_DIR)/gurunavi.app/gurunavi";
			};
			name = Release;
		};
		201951BA200B2F6200C28217 /* Debug */ = {
			isa = XCBuildConfiguration;
			baseConfigurationReference = 83EE9863ECE5764B91657786 /* Pods-gurunaviUITests.debug.xcconfig */;
			buildSettings = {
				ALWAYS_EMBED_SWIFT_STANDARD_LIBRARIES = YES;
				CODE_SIGN_STYLE = Automatic;
				DEVELOPMENT_TEAM = WQ6E4DAU7T;
				INFOPLIST_FILE = gurunaviUITests/Info.plist;
				LD_RUNPATH_SEARCH_PATHS = "$(inherited) @executable_path/Frameworks @loader_path/Frameworks";
				PRODUCT_BUNDLE_IDENTIFIER = com.ryosism.gurunaviUITests;
				PRODUCT_NAME = "$(TARGET_NAME)";
				SWIFT_VERSION = 4.0;
				TARGETED_DEVICE_FAMILY = "1,2";
				TEST_TARGET_NAME = gurunavi;
			};
			name = Debug;
		};
		201951BB200B2F6200C28217 /* Release */ = {
			isa = XCBuildConfiguration;
			baseConfigurationReference = EB858165600068FF540FF7E3 /* Pods-gurunaviUITests.release.xcconfig */;
			buildSettings = {
				ALWAYS_EMBED_SWIFT_STANDARD_LIBRARIES = YES;
				CODE_SIGN_STYLE = Automatic;
				DEVELOPMENT_TEAM = WQ6E4DAU7T;
				INFOPLIST_FILE = gurunaviUITests/Info.plist;
				LD_RUNPATH_SEARCH_PATHS = "$(inherited) @executable_path/Frameworks @loader_path/Frameworks";
				PRODUCT_BUNDLE_IDENTIFIER = com.ryosism.gurunaviUITests;
				PRODUCT_NAME = "$(TARGET_NAME)";
				SWIFT_VERSION = 4.0;
				TARGETED_DEVICE_FAMILY = "1,2";
				TEST_TARGET_NAME = gurunavi;
			};
			name = Release;
		};
/* End XCBuildConfiguration section */

/* Begin XCConfigurationList section */
		20195186200B2F6200C28217 /* Build configuration list for PBXProject "gurunavi" */ = {
			isa = XCConfigurationList;
			buildConfigurations = (
				201951B1200B2F6200C28217 /* Debug */,
				201951B2200B2F6200C28217 /* Release */,
			);
			defaultConfigurationIsVisible = 0;
			defaultConfigurationName = Release;
		};
		201951B3200B2F6200C28217 /* Build configuration list for PBXNativeTarget "gurunavi" */ = {
			isa = XCConfigurationList;
			buildConfigurations = (
				201951B4200B2F6200C28217 /* Debug */,
				201951B5200B2F6200C28217 /* Release */,
			);
			defaultConfigurationIsVisible = 0;
			defaultConfigurationName = Release;
		};
		201951B6200B2F6200C28217 /* Build configuration list for PBXNativeTarget "gurunaviTests" */ = {
			isa = XCConfigurationList;
			buildConfigurations = (
				201951B7200B2F6200C28217 /* Debug */,
				201951B8200B2F6200C28217 /* Release */,
			);
			defaultConfigurationIsVisible = 0;
			defaultConfigurationName = Release;
		};
		201951B9200B2F6200C28217 /* Build configuration list for PBXNativeTarget "gurunaviUITests" */ = {
			isa = XCConfigurationList;
			buildConfigurations = (
				201951BA200B2F6200C28217 /* Debug */,
				201951BB200B2F6200C28217 /* Release */,
			);
			defaultConfigurationIsVisible = 0;
			defaultConfigurationName = Release;
		};
/* End XCConfigurationList section */
	};
	rootObject = 20195183200B2F6200C28217 /* Project object */;
}
